{
    "name": "multiloader",
    "version": "1.0.0",
    "lockfileVersion": 2,
    "requires": true,
    "packages": {
        "": {
            "name": "multiloader",
            "version": "1.0.0",
            "license": "MIT",
            "devDependencies": {
                "@types/node": "^17.0.23",
                "typings-esm-loader": "github:jhmaster2000/typings-esm-loader"
            },
            "engines": {
                "node": ">=16.0.0"
            }
        },
        "node_modules/@types/node": {
            "version": "17.0.23",
            "resolved": "https://registry.npmjs.org/@types/node/-/node-17.0.23.tgz",
            "integrity": "sha512-UxDxWn7dl97rKVeVS61vErvw086aCYhDLyvRQZ5Rk65rZKepaFdm53GeqXaKBuOhED4e9uWq34IC3TdSdJJ2Gw==",
            "dev": true
        },
        "node_modules/typings-esm-loader": {
            "version": "1.0.0",
            "resolved": "git+ssh://git@github.com/jhmaster2000/typings-esm-loader.git#3f136cf96ba2ea6299be1b51aa5cfdaa412c2b31",
            "dev": true,
            "license": "MIT",
            "engines": {
                "node": ">=16.0.0"
            }
        }
    },
    "dependencies": {
        "@types/node": {
            "version": "17.0.23",
            "resolved": "https://registry.npmjs.org/@types/node/-/node-17.0.23.tgz",
            "integrity": "sha512-UxDxWn7dl97rKVeVS61vErvw086aCYhDLyvRQZ5Rk65rZKepaFdm53GeqXaKBuOhED4e9uWq34IC3TdSdJJ2Gw==",
            "dev": true
        },
        "typings-esm-loader": {
            "version": "git+ssh://git@github.com/jhmaster2000/typings-esm-loader.git#3f136cf96ba2ea6299be1b51aa5cfdaa412c2b31",
            "dev": true,
            "from": "typings-esm-loader@jhmaster2000/typings-esm-loader"
        }
    }
}
