{
    "name": "esmultiloader",
    "version": "1.0.0-beta.1",
    "lockfileVersion": 2,
    "requires": true,
    "packages": {
        "": {
            "name": "esmultiloader",
            "version": "1.0.0-beta.1",
            "license": "MIT",
            "devDependencies": {
                "@types/node": "^17.0.23",
                "typings-esm-loader": "^1.0.1"
            },
            "engines": {
                "node": ">=16.0.0"
            }
        },
        "node_modules/@types/node": {
            "version": "17.0.23",
            "resolved": "https://registry.npmjs.org/@types/node/-/node-17.0.23.tgz",
            "integrity": "sha512-UxDxWn7dl97rKVeVS61vErvw086aCYhDLyvRQZ5Rk65rZKepaFdm53GeqXaKBuOhED4e9uWq34IC3TdSdJJ2Gw==",
            "dev": true
        },
        "node_modules/typings-esm-loader": {
            "version": "1.0.1",
            "resolved": "https://registry.npmjs.org/typings-esm-loader/-/typings-esm-loader-1.0.1.tgz",
            "integrity": "sha512-FWQt9Z9fX9ZPg8934enop732A+dN78VkagoH1YII0Yl2YueZqD2iziubaxNHmR8Nd6qTkzxPV31Dd5P83wguUg==",
            "dev": true,
            "engines": {
                "node": ">=16.0.0"
            }
        }
    },
    "dependencies": {
        "@types/node": {
            "version": "17.0.23",
            "resolved": "https://registry.npmjs.org/@types/node/-/node-17.0.23.tgz",
            "integrity": "sha512-UxDxWn7dl97rKVeVS61vErvw086aCYhDLyvRQZ5Rk65rZKepaFdm53GeqXaKBuOhED4e9uWq34IC3TdSdJJ2Gw==",
            "dev": true
        },
        "typings-esm-loader": {
            "version": "1.0.1",
            "resolved": "https://registry.npmjs.org/typings-esm-loader/-/typings-esm-loader-1.0.1.tgz",
            "integrity": "sha512-FWQt9Z9fX9ZPg8934enop732A+dN78VkagoH1YII0Yl2YueZqD2iziubaxNHmR8Nd6qTkzxPV31Dd5P83wguUg==",
            "dev": true
        }
    }
}
