{
    "name": "multiloader",
    "version": "1.0.0",
    "lockfileVersion": 2,
    "requires": true,
    "packages": {
        "": {
            "name": "multiloader",
            "version": "1.0.0",
            "license": "MIT",
            "devDependencies": {
                "@types/node": "^17.0.23",
                "typings-esm-loader": "^1.0.0"
            },
            "engines": {
                "node": ">=16.0.0"
            }
        },
        "node_modules/@types/node": {
            "version": "17.0.23",
            "resolved": "https://registry.npmjs.org/@types/node/-/node-17.0.23.tgz",
            "integrity": "sha512-UxDxWn7dl97rKVeVS61vErvw086aCYhDLyvRQZ5Rk65rZKepaFdm53GeqXaKBuOhED4e9uWq34IC3TdSdJJ2Gw==",
            "dev": true
        },
        "node_modules/typings-esm-loader": {
            "version": "1.0.0",
            "resolved": "https://registry.npmjs.org/typings-esm-loader/-/typings-esm-loader-1.0.0.tgz",
            "integrity": "sha512-RvG/nC8e3Ht8WvS1xNa0GPegMs9KOlg191/1nLANyZyec7M1tJqBbCea20IhLuzRmHMNXAEXNVgia1DzGTfQRw==",
            "dev": true,
            "engines": {
                "node": ">=16.0.0"
            }
        }
    },
    "dependencies": {
        "@types/node": {
            "version": "17.0.23",
            "resolved": "https://registry.npmjs.org/@types/node/-/node-17.0.23.tgz",
            "integrity": "sha512-UxDxWn7dl97rKVeVS61vErvw086aCYhDLyvRQZ5Rk65rZKepaFdm53GeqXaKBuOhED4e9uWq34IC3TdSdJJ2Gw==",
            "dev": true
        },
        "typings-esm-loader": {
            "version": "1.0.0",
            "resolved": "https://registry.npmjs.org/typings-esm-loader/-/typings-esm-loader-1.0.0.tgz",
            "integrity": "sha512-RvG/nC8e3Ht8WvS1xNa0GPegMs9KOlg191/1nLANyZyec7M1tJqBbCea20IhLuzRmHMNXAEXNVgia1DzGTfQRw==",
            "dev": true
        }
    }
}
